Microsoft Visual Studio Solution File, Format Version 12.00
# Visual Studio Version 17
VisualStudioVersion = 17.5.2.0
MinimumVisualStudioVersion = 10.0.40219.1
Project("{FAE04EC0-301F-11D3-BF4B-00C04F79EFBC}") = "TastyGo", "TastyGo\TastyGo.csproj", "{D84EE21E-7CC5-DF3C-C527-2BF4C5AB11C6}"
EndProject
Global
	GlobalSection(SolutionConfigurationPlatforms) = preSolution
		Debug|Any CPU = Debug|Any CPU
		Release|Any CPU = Release|Any CPU
	EndGlobalSection
	GlobalSection(ProjectConfigurationPlatforms) = postSolution
		{D84EE21E-7CC5-DF3C-C527-2BF4C5AB11C6}.Debug|Any CPU.ActiveCfg = Debug|Any CPU
		{D84EE21E-7CC5-DF3C-C527-2BF4C5AB11C6}.Debug|Any CPU.Build.0 = Debug|Any CPU
		{D84EE21E-7CC5-DF3C-C527-2BF4C5AB11C6}.Release|Any CPU.ActiveCfg = Release|Any CPU
		{D84EE21E-7CC5-DF3C-C527-2BF4C5AB11C6}.Release|Any CPU.Build.0 = Release|Any CPU
	EndGlobalSection
	GlobalSection(SolutionProperties) = preSolution
		HideSolutionNode = FALSE
	EndGlobalSection
	GlobalSection(ExtensibilityGlobals) = postSolution
		SolutionGuid = {C55367DD-6629-40E7-A59B-7462BF5D82E0}
	EndGlobalSection
EndGlobal
